
Microsoft Visual Studio Solution File, Format Version 12.00
# Visual Studio Version 16
VisualStudioVersion = 16.0.30517.126
MinimumVisualStudioVersion = 10.0.40219.1
Project("{FAE04EC0-301F-11D3-BF4B-00C04F79EFBC}") = "Products", "Products.csproj", "{C021719F-B0EE-4D10-A89A-FDB1F625CB1D}"
EndProject
Global
	GlobalSection(SolutionConfigurationPlatforms) = preSolution
		Debug|Any CPU = Debug|Any CPU
		Release|Any CPU = Release|Any CPU
	EndGlobalSection
	GlobalSection(ProjectConfigurationPlatforms) = postSolution
		{C021719F-B0EE-4D10-A89A-FDB1F625CB1D}.Debug|Any CPU.ActiveCfg = Debug|Any CPU
		{C021719F-B0EE-4D10-A89A-FDB1F625CB1D}.Debug|Any CPU.Build.0 = Debug|Any CPU
		{C021719F-B0EE-4D10-A89A-FDB1F625CB1D}.Release|Any CPU.ActiveCfg = Release|Any CPU
		{C021719F-B0EE-4D10-A89A-FDB1F625CB1D}.Release|Any CPU.Build.0 = Release|Any CPU
	EndGlobalSection
	GlobalSection(SolutionProperties) = preSolution
		HideSolutionNode = FALSE
	EndGlobalSection
	GlobalSection(ExtensibilityGlobals) = postSolution
		SolutionGuid = {D3A592F8-3029-4EE4-BB0D-39F339CB8CA6}
	EndGlobalSection
EndGlobal
